#
# This file is autogenerated by pip-compile with Python 3.13
# by the following command:
#
#    pip-compile --constraint='packages\engine\requirements.constraints' --extra=bambu --extra=serial --no-emit-index-url --no-emit-trusted-host --output-file='packages\engine\requirements.lock' --strip-extras 'packages\engine\pyproject.toml'
#
annotated-types==0.7.0
    # via pydantic
anyio==4.14.0
    # via httpx
bambulabs-api==2.6.6
    # via kimcad (packages/engine/pyproject.toml)
bottle==0.13.4
    # via pywebview
certifi==2026.6.17
    # via
    #   httpcore
    #   httpx
cffi==2.0.0
    # via clr-loader
clr-loader==0.3.1
    # via pythonnet
h11==0.16.0
    # via httpcore
httpcore==1.0.9
    # via httpx
httpx==0.28.1
    # via kimcad (packages/engine/pyproject.toml)
idna==3.18
    # via
    #   anyio
    #   httpx
jaraco-classes==3.4.0
    # via keyring
jaraco-context==6.1.2
    # via keyring
jaraco-functools==4.5.0
    # via keyring
keyring==25.7.0
    # via kimcad (packages/engine/pyproject.toml)
lxml==6.1.1
    # via kimcad (packages/engine/pyproject.toml)
manifold3d==3.5.1
    # via kimcad (packages/engine/pyproject.toml)
more-itertools==11.1.0
    # via
    #   jaraco-classes
    #   jaraco-functools
networkx==3.6.1
    # via kimcad (packages/engine/pyproject.toml)
numpy==2.2.6
    # via
    #   -c packages/engine/requirements.constraints
    #   kimcad (packages/engine/pyproject.toml)
    #   manifold3d
    #   scipy
    #   trimesh
paho-mqtt==2.1.0
    # via bambulabs-api
pillow==12.2.0
    # via bambulabs-api
proxy-tools==0.1.0
    # via pywebview
pycparser==3.0
    # via cffi
pydantic==2.13.4
    # via kimcad (packages/engine/pyproject.toml)
pydantic-core==2.46.4
    # via pydantic
pyserial==3.5
    # via kimcad (packages/engine/pyproject.toml)
pythonnet==3.1.0
    # via pywebview
pywebview==6.2.1 ; sys_platform == "win32"
    # via kimcad (packages/engine/pyproject.toml)
pywin32-ctypes==0.2.3
    # via keyring
pyyaml==6.0.3
    # via kimcad (packages/engine/pyproject.toml)
scipy==1.17.1
    # via
    #   -c packages/engine/requirements.constraints
    #   kimcad (packages/engine/pyproject.toml)
trimesh==4.12.2
    # via kimcad (packages/engine/pyproject.toml)
typing-extensions==4.15.0
    # via
    #   pydantic
    #   pydantic-core
    #   pywebview
    #   typing-inspection
typing-inspection==0.4.2
    # via pydantic
